
Microsoft Visual Studio Solution File, Format Version 12.00
# Visual Studio 15
VisualStudioVersion = 15.0.28307.572
MinimumVisualStudioVersion = 10.0.40219.1
Project("{9A19103F-16F7-4668-BE54-9A1E7A4F7556}") = "FlightApp.Backend", "FlightApp.Backend\FlightApp.Backend.csproj", "{C06E27BA-AEDD-4F70-8107-3118A217444B}"
EndProject
Project("{FAE04EC0-301F-11D3-BF4B-00C04F79EFBC}") = "FlightApp.Frontend", "FlightApp.Frontend\FlightApp.Frontend.csproj", "{C5EA0AD5-2BF9-45B1-95AE-74A327E91C38}"
EndProject
Global
	GlobalSection(SolutionConfigurationPlatforms) = preSolution
		Debug|Any CPU = Debug|Any CPU
		Debug|ARM = Debug|ARM
		Debug|ARM64 = Debug|ARM64
		Debug|x64 = Debug|x64
		Debug|x86 = Debug|x86
		Release|Any CPU = Release|Any CPU
		Release|ARM = Release|ARM
		Release|ARM64 = Release|ARM64
		Release|x64 = Release|x64
		Release|x86 = Release|x86
	EndGlobalSection
	GlobalSection(ProjectConfigurationPlatforms) = postSolution
		{C06E27BA-AEDD-4F70-8107-3118A217444B}.Debug|Any CPU.ActiveCfg = Debug|Any CPU
		{C06E27BA-AEDD-4F70-8107-3118A217444B}.Debug|Any CPU.Build.0 = Debug|Any CPU
		{C06E27BA-AEDD-4F70-8107-3118A217444B}.Debug|ARM.ActiveCfg = Debug|Any CPU
		{C06E27BA-AEDD-4F70-8107-3118A217444B}.Debug|ARM.Build.0 = Debug|Any CPU
		{C06E27BA-AEDD-4F70-8107-3118A217444B}.Debug|ARM64.ActiveCfg = Debug|Any CPU
		{C06E27BA-AEDD-4F70-8107-3118A217444B}.Debug|ARM64.Build.0 = Debug|Any CPU
		{C06E27BA-AEDD-4F70-8107-3118A217444B}.Debug|x64.ActiveCfg = Debug|Any CPU
		{C06E27BA-AEDD-4F70-8107-3118A217444B}.Debug|x64.Build.0 = Debug|Any CPU
		{C06E27BA-AEDD-4F70-8107-3118A217444B}.Debug|x86.ActiveCfg = Debug|Any CPU
		{C06E27BA-AEDD-4F70-8107-3118A217444B}.Debug|x86.Build.0 = Debug|Any CPU
		{C06E27BA-AEDD-4F70-8107-3118A217444B}.Release|Any CPU.ActiveCfg = Release|Any CPU
		{C06E27BA-AEDD-4F70-8107-3118A217444B}.Release|Any CPU.Build.0 = Release|Any CPU
		{C06E27BA-AEDD-4F70-8107-3118A217444B}.Release|ARM.ActiveCfg = Release|Any CPU
		{C06E27BA-AEDD-4F70-8107-3118A217444B}.Release|ARM.Build.0 = Release|Any CPU
		{C06E27BA-AEDD-4F70-8107-3118A217444B}.Release|ARM64.ActiveCfg = Release|Any CPU
		{C06E27BA-AEDD-4F70-8107-3118A217444B}.Release|ARM64.Build.0 = Release|Any CPU
		{C06E27BA-AEDD-4F70-8107-3118A217444B}.Release|x64.ActiveCfg = Release|Any CPU
		{C06E27BA-AEDD-4F70-8107-3118A217444B}.Release|x64.Build.0 = Release|Any CPU
		{C06E27BA-AEDD-4F70-8107-3118A217444B}.Release|x86.ActiveCfg = Release|Any CPU
		{C06E27BA-AEDD-4F70-8107-3118A217444B}.Release|x86.Build.0 = Release|Any CPU
		{C5EA0AD5-2BF9-45B1-95AE-74A327E91C38}.Debug|Any CPU.ActiveCfg = Debug|x86
		{C5EA0AD5-2BF9-45B1-95AE-74A327E91C38}.Debug|ARM.ActiveCfg = Debug|ARM
		{C5EA0AD5-2BF9-45B1-95AE-74A327E91C38}.Debug|ARM.Build.0 = Debug|ARM
		{C5EA0AD5-2BF9-45B1-95AE-74A327E91C38}.Debug|ARM.Deploy.0 = Debug|ARM
		{C5EA0AD5-2BF9-45B1-95AE-74A327E91C38}.Debug|ARM64.ActiveCfg = Debug|ARM64
		{C5EA0AD5-2BF9-45B1-95AE-74A327E91C38}.Debug|ARM64.Build.0 = Debug|ARM64
		{C5EA0AD5-2BF9-45B1-95AE-74A327E91C38}.Debug|ARM64.Deploy.0 = Debug|ARM64
		{C5EA0AD5-2BF9-45B1-95AE-74A327E91C38}.Debug|x64.ActiveCfg = Debug|x64
		{C5EA0AD5-2BF9-45B1-95AE-74A327E91C38}.Debug|x64.Build.0 = Debug|x64
		{C5EA0AD5-2BF9-45B1-95AE-74A327E91C38}.Debug|x64.Deploy.0 = Debug|x64
		{C5EA0AD5-2BF9-45B1-95AE-74A327E91C38}.Debug|x86.ActiveCfg = Debug|x86
		{C5EA0AD5-2BF9-45B1-95AE-74A327E91C38}.Debug|x86.Build.0 = Debug|x86
		{C5EA0AD5-2BF9-45B1-95AE-74A327E91C38}.Debug|x86.Deploy.0 = Debug|x86
		{C5EA0AD5-2BF9-45B1-95AE-74A327E91C38}.Release|Any CPU.ActiveCfg = Release|x86
		{C5EA0AD5-2BF9-45B1-95AE-74A327E91C38}.Release|ARM.ActiveCfg = Release|ARM
		{C5EA0AD5-2BF9-45B1-95AE-74A327E91C38}.Release|ARM.Build.0 = Release|ARM
		{C5EA0AD5-2BF9-45B1-95AE-74A327E91C38}.Release|ARM.Deploy.0 = Release|ARM
		{C5EA0AD5-2BF9-45B1-95AE-74A327E91C38}.Release|ARM64.ActiveCfg = Release|ARM64
		{C5EA0AD5-2BF9-45B1-95AE-74A327E91C38}.Release|ARM64.Build.0 = Release|ARM64
		{C5EA0AD5-2BF9-45B1-95AE-74A327E91C38}.Release|ARM64.Deploy.0 = Release|ARM64
		{C5EA0AD5-2BF9-45B1-95AE-74A327E91C38}.Release|x64.ActiveCfg = Release|x64
		{C5EA0AD5-2BF9-45B1-95AE-74A327E91C38}.Release|x64.Build.0 = Release|x64
		{C5EA0AD5-2BF9-45B1-95AE-74A327E91C38}.Release|x64.Deploy.0 = Release|x64
		{C5EA0AD5-2BF9-45B1-95AE-74A327E91C38}.Release|x86.ActiveCfg = Release|x86
		{C5EA0AD5-2BF9-45B1-95AE-74A327E91C38}.Release|x86.Build.0 = Release|x86
		{C5EA0AD5-2BF9-45B1-95AE-74A327E91C38}.Release|x86.Deploy.0 = Release|x86
	EndGlobalSection
	GlobalSection(SolutionProperties) = preSolution
		HideSolutionNode = FALSE
	EndGlobalSection
	GlobalSection(ExtensibilityGlobals) = postSolution
		SolutionGuid = {2ADE5FB8-7650-489F-88A3-D7B353E9D789}
	EndGlobalSection
EndGlobal
