
Microsoft Visual Studio Solution File, Format Version 12.00
# Visual Studio 15
VisualStudioVersion = 15.0.28307.572
MinimumVisualStudioVersion = 10.0.40219.1
Project("{FAE04EC0-301F-11D3-BF4B-00C04F79EFBC}") = "FlightApp.Backend", "FlightApp.Backend\FlightApp.Backend.csproj", "{C06E27BA-AEDD-4F70-8107-3118A217444B}"
EndProject
Global
	GlobalSection(SolutionConfigurationPlatforms) = preSolution
		Debug|Any CPU = Debug|Any CPU
		Release|Any CPU = Release|Any CPU
	EndGlobalSection
	GlobalSection(ProjectConfigurationPlatforms) = postSolution
		{C06E27BA-AEDD-4F70-8107-3118A217444B}.Debug|Any CPU.ActiveCfg = Debug|Any CPU
		{C06E27BA-AEDD-4F70-8107-3118A217444B}.Debug|Any CPU.Build.0 = Debug|Any CPU
		{C06E27BA-AEDD-4F70-8107-3118A217444B}.Release|Any CPU.ActiveCfg = Release|Any CPU
		{C06E27BA-AEDD-4F70-8107-3118A217444B}.Release|Any CPU.Build.0 = Release|Any CPU
	EndGlobalSection
	GlobalSection(SolutionProperties) = preSolution
		HideSolutionNode = FALSE
	EndGlobalSection
	GlobalSection(ExtensibilityGlobals) = postSolution
		SolutionGuid = {2ADE5FB8-7650-489F-88A3-D7B353E9D789}
	EndGlobalSection
EndGlobal
